
Microsoft Visual Studio Solution File, Format Version 12.00
# Visual Studio Version 17
VisualStudioVersion = 17.4.33213.308
MinimumVisualStudioVersion = 10.0.40219.1
Project("{FAE04EC0-301F-11D3-BF4B-00C04F79EFBC}") = "Tennis", "Tennis\Tennis.csproj", "{48C6612B-C0BF-47A3-9E43-F60BB37DFCB1}"
EndProject
Project("{FAE04EC0-301F-11D3-BF4B-00C04F79EFBC}") = "Tennis.Test", "Tennis.Test\Tennis.Test.csproj", "{C2D9551A-4610-4A72-A1AA-EDEB40E13E38}"
EndProject
Global
	GlobalSection(SolutionConfigurationPlatforms) = preSolution
		Debug|Any CPU = Debug|Any CPU
		Release|Any CPU = Release|Any CPU
	EndGlobalSection
	GlobalSection(ProjectConfigurationPlatforms) = postSolution
		{48C6612B-C0BF-47A3-9E43-F60BB37DFCB1}.Debug|Any CPU.ActiveCfg = Debug|Any CPU
		{48C6612B-C0BF-47A3-9E43-F60BB37DFCB1}.Debug|Any CPU.Build.0 = Debug|Any CPU
		{48C6612B-C0BF-47A3-9E43-F60BB37DFCB1}.Release|Any CPU.ActiveCfg = Release|Any CPU
		{48C6612B-C0BF-47A3-9E43-F60BB37DFCB1}.Release|Any CPU.Build.0 = Release|Any CPU
		{C2D9551A-4610-4A72-A1AA-EDEB40E13E38}.Debug|Any CPU.ActiveCfg = Debug|Any CPU
		{C2D9551A-4610-4A72-A1AA-EDEB40E13E38}.Debug|Any CPU.Build.0 = Debug|Any CPU
		{C2D9551A-4610-4A72-A1AA-EDEB40E13E38}.Release|Any CPU.ActiveCfg = Release|Any CPU
		{C2D9551A-4610-4A72-A1AA-EDEB40E13E38}.Release|Any CPU.Build.0 = Release|Any CPU
	EndGlobalSection
	GlobalSection(SolutionProperties) = preSolution
		HideSolutionNode = FALSE
	EndGlobalSection
	GlobalSection(ExtensibilityGlobals) = postSolution
		SolutionGuid = {34FC1AEA-A871-44F4-9DD9-70260A375A76}
	EndGlobalSection
EndGlobal
